
Microsoft Visual Studio Solution File, Format Version 12.00
# Visual Studio Version 17
VisualStudioVersion = 17.5.33516.290
MinimumVisualStudioVersion = 10.0.40219.1
Project("{FAE04EC0-301F-11D3-BF4B-00C04F79EFBC}") = "P03B_140", "P03B_140\P03B_140.csproj", "{D733996D-2356-480B-A276-A38DFFA4076E}"
EndProject
Global
	GlobalSection(SolutionConfigurationPlatforms) = preSolution
		Debug|Any CPU = Debug|Any CPU
		Release|Any CPU = Release|Any CPU
	EndGlobalSection
	GlobalSection(ProjectConfigurationPlatforms) = postSolution
		{D733996D-2356-480B-A276-A38DFFA4076E}.Debug|Any CPU.ActiveCfg = Debug|Any CPU
		{D733996D-2356-480B-A276-A38DFFA4076E}.Debug|Any CPU.Build.0 = Debug|Any CPU
		{D733996D-2356-480B-A276-A38DFFA4076E}.Release|Any CPU.ActiveCfg = Release|Any CPU
		{D733996D-2356-480B-A276-A38DFFA4076E}.Release|Any CPU.Build.0 = Release|Any CPU
	EndGlobalSection
	GlobalSection(SolutionProperties) = preSolution
		HideSolutionNode = FALSE
	EndGlobalSection
	GlobalSection(ExtensibilityGlobals) = postSolution
		SolutionGuid = {20278EDE-D445-4203-A578-5F1E734B09BD}
	EndGlobalSection
EndGlobal
