
Microsoft Visual Studio Solution File, Format Version 12.00
# Visual Studio Version 17
VisualStudioVersion = 17.5.33424.131
MinimumVisualStudioVersion = 10.0.40219.1
Project("{FAE04EC0-301F-11D3-BF4B-00C04F79EFBC}") = "P03B_180", "P03B_180\P03B_180.csproj", "{09B4E654-3510-4F4B-A115-70F1FD8FCCD5}"
EndProject
Global
	GlobalSection(SolutionConfigurationPlatforms) = preSolution
		Debug|Any CPU = Debug|Any CPU
		Release|Any CPU = Release|Any CPU
	EndGlobalSection
	GlobalSection(ProjectConfigurationPlatforms) = postSolution
		{09B4E654-3510-4F4B-A115-70F1FD8FCCD5}.Debug|Any CPU.ActiveCfg = Debug|Any CPU
		{09B4E654-3510-4F4B-A115-70F1FD8FCCD5}.Debug|Any CPU.Build.0 = Debug|Any CPU
		{09B4E654-3510-4F4B-A115-70F1FD8FCCD5}.Release|Any CPU.ActiveCfg = Release|Any CPU
		{09B4E654-3510-4F4B-A115-70F1FD8FCCD5}.Release|Any CPU.Build.0 = Release|Any CPU
	EndGlobalSection
	GlobalSection(SolutionProperties) = preSolution
		HideSolutionNode = FALSE
	EndGlobalSection
	GlobalSection(ExtensibilityGlobals) = postSolution
		SolutionGuid = {D14134D3-1D77-4415-A999-ECD19534E812}
	EndGlobalSection
EndGlobal
