
Microsoft Visual Studio Solution File, Format Version 12.00
# Visual Studio Version 17
VisualStudioVersion = 17.5.33516.290
MinimumVisualStudioVersion = 10.0.40219.1
Project("{FAE04EC0-301F-11D3-BF4B-00C04F79EFBC}") = "P03B_060", "P03B_060\P03B_060.csproj", "{F8840A39-9C1F-4144-B1DE-80F751EF311E}"
EndProject
Global
	GlobalSection(SolutionConfigurationPlatforms) = preSolution
		Debug|Any CPU = Debug|Any CPU
		Release|Any CPU = Release|Any CPU
	EndGlobalSection
	GlobalSection(ProjectConfigurationPlatforms) = postSolution
		{F8840A39-9C1F-4144-B1DE-80F751EF311E}.Debug|Any CPU.ActiveCfg = Debug|Any CPU
		{F8840A39-9C1F-4144-B1DE-80F751EF311E}.Debug|Any CPU.Build.0 = Debug|Any CPU
		{F8840A39-9C1F-4144-B1DE-80F751EF311E}.Release|Any CPU.ActiveCfg = Release|Any CPU
		{F8840A39-9C1F-4144-B1DE-80F751EF311E}.Release|Any CPU.Build.0 = Release|Any CPU
	EndGlobalSection
	GlobalSection(SolutionProperties) = preSolution
		HideSolutionNode = FALSE
	EndGlobalSection
	GlobalSection(ExtensibilityGlobals) = postSolution
		SolutionGuid = {47F6EB79-BACB-4701-8321-3B515AFAE503}
	EndGlobalSection
EndGlobal
