
Microsoft Visual Studio Solution File, Format Version 12.00
# Visual Studio Version 17
VisualStudioVersion = 17.5.33516.290
MinimumVisualStudioVersion = 10.0.40219.1
Project("{FAE04EC0-301F-11D3-BF4B-00C04F79EFBC}") = "P03B_030", "P03B_030\P03B_030.csproj", "{526F3CF8-E54F-482B-AFDE-88D0F5660EC1}"
EndProject
Global
	GlobalSection(SolutionConfigurationPlatforms) = preSolution
		Debug|Any CPU = Debug|Any CPU
		Release|Any CPU = Release|Any CPU
	EndGlobalSection
	GlobalSection(ProjectConfigurationPlatforms) = postSolution
		{526F3CF8-E54F-482B-AFDE-88D0F5660EC1}.Debug|Any CPU.ActiveCfg = Debug|Any CPU
		{526F3CF8-E54F-482B-AFDE-88D0F5660EC1}.Debug|Any CPU.Build.0 = Debug|Any CPU
		{526F3CF8-E54F-482B-AFDE-88D0F5660EC1}.Release|Any CPU.ActiveCfg = Release|Any CPU
		{526F3CF8-E54F-482B-AFDE-88D0F5660EC1}.Release|Any CPU.Build.0 = Release|Any CPU
	EndGlobalSection
	GlobalSection(SolutionProperties) = preSolution
		HideSolutionNode = FALSE
	EndGlobalSection
	GlobalSection(ExtensibilityGlobals) = postSolution
		SolutionGuid = {3BED28C4-E265-4720-A95C-CB39497616DD}
	EndGlobalSection
EndGlobal
